
Microsoft Visual Studio Solution File, Format Version 12.00
# Visual Studio 15
VisualStudioVersion = 15.0.27703.2035
MinimumVisualStudioVersion = 10.0.40219.1
Project("{FAE04EC0-301F-11D3-BF4B-00C04F79EFBC}") = "BMIConsole", "BMIConsole\BMIConsole.csproj", "{A6A840FA-0D1A-400A-AE5B-19AD7D97F337}"
EndProject
Global
	GlobalSection(SolutionConfigurationPlatforms) = preSolution
		Debug|Any CPU = Debug|Any CPU
		Release|Any CPU = Release|Any CPU
	EndGlobalSection
	GlobalSection(ProjectConfigurationPlatforms) = postSolution
		{A6A840FA-0D1A-400A-AE5B-19AD7D97F337}.Debug|Any CPU.ActiveCfg = Debug|Any CPU
		{A6A840FA-0D1A-400A-AE5B-19AD7D97F337}.Debug|Any CPU.Build.0 = Debug|Any CPU
		{A6A840FA-0D1A-400A-AE5B-19AD7D97F337}.Release|Any CPU.ActiveCfg = Release|Any CPU
		{A6A840FA-0D1A-400A-AE5B-19AD7D97F337}.Release|Any CPU.Build.0 = Release|Any CPU
	EndGlobalSection
	GlobalSection(SolutionProperties) = preSolution
		HideSolutionNode = FALSE
	EndGlobalSection
	GlobalSection(ExtensibilityGlobals) = postSolution
		SolutionGuid = {95025FA7-44B1-461C-B007-CFA41C704AFD}
	EndGlobalSection
EndGlobal
